
Microsoft Visual Studio Solution File, Format Version 12.00
Project("{FAE04EC0-301F-11D3-BF4B-00C04F79EFBC}") = "Payment.Domain", "Payment.Domain\Payment.Domain.csproj", "{C9473542-D6D6-4E52-BF89-9A251E9F683F}"
EndProject
Project("{FAE04EC0-301F-11D3-BF4B-00C04F79EFBC}") = "Common", "Common\Common.csproj", "{DB45DD4B-553A-4439-8552-A638C64AAE2C}"
EndProject
Project("{FAE04EC0-301F-11D3-BF4B-00C04F79EFBC}") = "Domain.Common", "Domain.Common\Domain.Common.csproj", "{5BB10CA2-1AC1-40A1-932B-85D7DB8EFA00}"
EndProject
Project("{FAE04EC0-301F-11D3-BF4B-00C04F79EFBC}") = "Service.Banking.CkoBankSimulator", "Service.Banking.CkoBankSimulator\Service.Banking.CkoBankSimulator.csproj", "{78D37819-115D-43B4-9C30-341592340A84}"
EndProject
Project("{FAE04EC0-301F-11D3-BF4B-00C04F79EFBC}") = "Payment.Service", "Payment.Service\Payment.Service.csproj", "{7F3038FF-5C44-4891-B707-42CA82299758}"
EndProject
Project("{FAE04EC0-301F-11D3-BF4B-00C04F79EFBC}") = "Service.Banking.Interfaces", "Service.Banking.Interfaces\Service.Banking.Interfaces.csproj", "{C679F36D-403F-4801-8E75-169DDDBF5223}"
EndProject
Project("{FAE04EC0-301F-11D3-BF4B-00C04F79EFBC}") = "Service.Common", "Service.Common\Service.Common.csproj", "{0DD9242E-228E-4B1C-86AE-C43D2AB2F693}"
EndProject
Project("{2150E333-8FDC-42A3-9474-1A3956D46DE8}") = "Third Party Services", "Third Party Services", "{80FA77F8-267E-4AD9-8A97-818D9E7097DE}"
EndProject
Project("{2150E333-8FDC-42A3-9474-1A3956D46DE8}") = "Infrastructure", "Infrastructure", "{09DEF0FA-BA95-4FCA-B631-AD20F78952D9}"
EndProject
Project("{FAE04EC0-301F-11D3-BF4B-00C04F79EFBC}") = "Data.Payment.InMemoryDb", "Data.Payment.InMemoryDb\Data.Payment.InMemoryDb.csproj", "{AACA5C5F-4193-481D-BC9B-2155DEAAC664}"
EndProject
Project("{2150E333-8FDC-42A3-9474-1A3956D46DE8}") = "Services", "Services", "{834B29D1-499E-447F-BFC1-E2CBB832F69D}"
EndProject
Project("{2150E333-8FDC-42A3-9474-1A3956D46DE8}") = "Domain", "Domain", "{8A12BD5E-F10B-42AC-87AF-2393C25F8707}"
EndProject
Project("{FAE04EC0-301F-11D3-BF4B-00C04F79EFBC}") = "Merchant.Domain", "Domain\Merchant.Domain\Merchant.Domain.csproj", "{55A5DF9D-3D23-47D2-BDEE-A75456BFC6E9}"
EndProject
Project("{FAE04EC0-301F-11D3-BF4B-00C04F79EFBC}") = "Payment.Domain.UnitTests", "Domain\Payment.Domain.UnitTests\Payment.Domain.UnitTests.csproj", "{B263495F-6741-4A30-A990-30C2BADC433B}"
EndProject
Project("{FAE04EC0-301F-11D3-BF4B-00C04F79EFBC}") = "Payment.Service.UnitTests", "Payment.Service.UnitTests\Payment.Service.UnitTests.csproj", "{7CF74690-E424-4A82-9DE7-244B6DAC881C}"
EndProject
Project("{FAE04EC0-301F-11D3-BF4B-00C04F79EFBC}") = "Database.Common", "Database.Common\Database.Common.csproj", "{9A080DED-BF11-4252-A6FC-03249608E0E0}"
EndProject
Project("{FAE04EC0-301F-11D3-BF4B-00C04F79EFBC}") = "Data.Payment.InMemoryDb.IntegrationTest", "Data.Payment.InMemoryDb.IntegrationTest\Data.Payment.InMemoryDb.IntegrationTest.csproj", "{86F03F8B-E9DA-470D-ADBA-EC3B4871ABCF}"
EndProject
Project("{FAE04EC0-301F-11D3-BF4B-00C04F79EFBC}") = "PaymentGateway.WebApi", "PaymentGateway.WebApi\PaymentGateway.WebApi.csproj", "{CE5745B4-BD92-464B-8442-DD121EB9CFFF}"
EndProject
Project("{FAE04EC0-301F-11D3-BF4B-00C04F79EFBC}") = "Cache.Common", "Cache.Common\Cache.Common.csproj", "{CBF1CA0F-166D-45D6-8F9F-C8EF1C391D25}"
EndProject
Project("{FAE04EC0-301F-11D3-BF4B-00C04F79EFBC}") = "Cache.InMemory", "Cache.InMemory\Cache.InMemory.csproj", "{09DBC96A-0E21-44A9-A3A4-F0B48EE25847}"
EndProject
Project("{FAE04EC0-301F-11D3-BF4B-00C04F79EFBC}") = "PaymentGateway.WebApi.UnitTests", "PaymentGateway.WebApi.UnitTests\PaymentGateway.WebApi.UnitTests.csproj", "{FAAF6454-7828-49D8-8FDB-A0E406E7B732}"
EndProject
Global
	GlobalSection(SolutionConfigurationPlatforms) = preSolution
		Debug|Any CPU = Debug|Any CPU
		Release|Any CPU = Release|Any CPU
	EndGlobalSection
	GlobalSection(ProjectConfigurationPlatforms) = postSolution
		{C9473542-D6D6-4E52-BF89-9A251E9F683F}.Debug|Any CPU.ActiveCfg = Debug|Any CPU
		{C9473542-D6D6-4E52-BF89-9A251E9F683F}.Debug|Any CPU.Build.0 = Debug|Any CPU
		{C9473542-D6D6-4E52-BF89-9A251E9F683F}.Release|Any CPU.ActiveCfg = Release|Any CPU
		{C9473542-D6D6-4E52-BF89-9A251E9F683F}.Release|Any CPU.Build.0 = Release|Any CPU
		{DB45DD4B-553A-4439-8552-A638C64AAE2C}.Debug|Any CPU.ActiveCfg = Debug|Any CPU
		{DB45DD4B-553A-4439-8552-A638C64AAE2C}.Debug|Any CPU.Build.0 = Debug|Any CPU
		{DB45DD4B-553A-4439-8552-A638C64AAE2C}.Release|Any CPU.ActiveCfg = Release|Any CPU
		{DB45DD4B-553A-4439-8552-A638C64AAE2C}.Release|Any CPU.Build.0 = Release|Any CPU
		{5BB10CA2-1AC1-40A1-932B-85D7DB8EFA00}.Debug|Any CPU.ActiveCfg = Debug|Any CPU
		{5BB10CA2-1AC1-40A1-932B-85D7DB8EFA00}.Debug|Any CPU.Build.0 = Debug|Any CPU
		{5BB10CA2-1AC1-40A1-932B-85D7DB8EFA00}.Release|Any CPU.ActiveCfg = Release|Any CPU
		{5BB10CA2-1AC1-40A1-932B-85D7DB8EFA00}.Release|Any CPU.Build.0 = Release|Any CPU
		{78D37819-115D-43B4-9C30-341592340A84}.Debug|Any CPU.ActiveCfg = Debug|Any CPU
		{78D37819-115D-43B4-9C30-341592340A84}.Debug|Any CPU.Build.0 = Debug|Any CPU
		{78D37819-115D-43B4-9C30-341592340A84}.Release|Any CPU.ActiveCfg = Release|Any CPU
		{78D37819-115D-43B4-9C30-341592340A84}.Release|Any CPU.Build.0 = Release|Any CPU
		{7F3038FF-5C44-4891-B707-42CA82299758}.Debug|Any CPU.ActiveCfg = Debug|Any CPU
		{7F3038FF-5C44-4891-B707-42CA82299758}.Debug|Any CPU.Build.0 = Debug|Any CPU
		{7F3038FF-5C44-4891-B707-42CA82299758}.Release|Any CPU.ActiveCfg = Release|Any CPU
		{7F3038FF-5C44-4891-B707-42CA82299758}.Release|Any CPU.Build.0 = Release|Any CPU
		{C679F36D-403F-4801-8E75-169DDDBF5223}.Debug|Any CPU.ActiveCfg = Debug|Any CPU
		{C679F36D-403F-4801-8E75-169DDDBF5223}.Debug|Any CPU.Build.0 = Debug|Any CPU
		{C679F36D-403F-4801-8E75-169DDDBF5223}.Release|Any CPU.ActiveCfg = Release|Any CPU
		{C679F36D-403F-4801-8E75-169DDDBF5223}.Release|Any CPU.Build.0 = Release|Any CPU
		{0DD9242E-228E-4B1C-86AE-C43D2AB2F693}.Debug|Any CPU.ActiveCfg = Debug|Any CPU
		{0DD9242E-228E-4B1C-86AE-C43D2AB2F693}.Debug|Any CPU.Build.0 = Debug|Any CPU
		{0DD9242E-228E-4B1C-86AE-C43D2AB2F693}.Release|Any CPU.ActiveCfg = Release|Any CPU
		{0DD9242E-228E-4B1C-86AE-C43D2AB2F693}.Release|Any CPU.Build.0 = Release|Any CPU
		{AACA5C5F-4193-481D-BC9B-2155DEAAC664}.Debug|Any CPU.ActiveCfg = Debug|Any CPU
		{AACA5C5F-4193-481D-BC9B-2155DEAAC664}.Debug|Any CPU.Build.0 = Debug|Any CPU
		{AACA5C5F-4193-481D-BC9B-2155DEAAC664}.Release|Any CPU.ActiveCfg = Release|Any CPU
		{AACA5C5F-4193-481D-BC9B-2155DEAAC664}.Release|Any CPU.Build.0 = Release|Any CPU
		{55A5DF9D-3D23-47D2-BDEE-A75456BFC6E9}.Debug|Any CPU.ActiveCfg = Debug|Any CPU
		{55A5DF9D-3D23-47D2-BDEE-A75456BFC6E9}.Debug|Any CPU.Build.0 = Debug|Any CPU
		{55A5DF9D-3D23-47D2-BDEE-A75456BFC6E9}.Release|Any CPU.ActiveCfg = Release|Any CPU
		{55A5DF9D-3D23-47D2-BDEE-A75456BFC6E9}.Release|Any CPU.Build.0 = Release|Any CPU
		{B263495F-6741-4A30-A990-30C2BADC433B}.Debug|Any CPU.ActiveCfg = Debug|Any CPU
		{B263495F-6741-4A30-A990-30C2BADC433B}.Debug|Any CPU.Build.0 = Debug|Any CPU
		{B263495F-6741-4A30-A990-30C2BADC433B}.Release|Any CPU.ActiveCfg = Release|Any CPU
		{B263495F-6741-4A30-A990-30C2BADC433B}.Release|Any CPU.Build.0 = Release|Any CPU
		{7CF74690-E424-4A82-9DE7-244B6DAC881C}.Debug|Any CPU.ActiveCfg = Debug|Any CPU
		{7CF74690-E424-4A82-9DE7-244B6DAC881C}.Debug|Any CPU.Build.0 = Debug|Any CPU
		{7CF74690-E424-4A82-9DE7-244B6DAC881C}.Release|Any CPU.ActiveCfg = Release|Any CPU
		{7CF74690-E424-4A82-9DE7-244B6DAC881C}.Release|Any CPU.Build.0 = Release|Any CPU
		{9A080DED-BF11-4252-A6FC-03249608E0E0}.Debug|Any CPU.ActiveCfg = Debug|Any CPU
		{9A080DED-BF11-4252-A6FC-03249608E0E0}.Debug|Any CPU.Build.0 = Debug|Any CPU
		{9A080DED-BF11-4252-A6FC-03249608E0E0}.Release|Any CPU.ActiveCfg = Release|Any CPU
		{9A080DED-BF11-4252-A6FC-03249608E0E0}.Release|Any CPU.Build.0 = Release|Any CPU
		{86F03F8B-E9DA-470D-ADBA-EC3B4871ABCF}.Debug|Any CPU.ActiveCfg = Debug|Any CPU
		{86F03F8B-E9DA-470D-ADBA-EC3B4871ABCF}.Debug|Any CPU.Build.0 = Debug|Any CPU
		{86F03F8B-E9DA-470D-ADBA-EC3B4871ABCF}.Release|Any CPU.ActiveCfg = Release|Any CPU
		{86F03F8B-E9DA-470D-ADBA-EC3B4871ABCF}.Release|Any CPU.Build.0 = Release|Any CPU
		{CE5745B4-BD92-464B-8442-DD121EB9CFFF}.Debug|Any CPU.ActiveCfg = Debug|Any CPU
		{CE5745B4-BD92-464B-8442-DD121EB9CFFF}.Debug|Any CPU.Build.0 = Debug|Any CPU
		{CE5745B4-BD92-464B-8442-DD121EB9CFFF}.Release|Any CPU.ActiveCfg = Release|Any CPU
		{CE5745B4-BD92-464B-8442-DD121EB9CFFF}.Release|Any CPU.Build.0 = Release|Any CPU
		{CBF1CA0F-166D-45D6-8F9F-C8EF1C391D25}.Debug|Any CPU.ActiveCfg = Debug|Any CPU
		{CBF1CA0F-166D-45D6-8F9F-C8EF1C391D25}.Debug|Any CPU.Build.0 = Debug|Any CPU
		{CBF1CA0F-166D-45D6-8F9F-C8EF1C391D25}.Release|Any CPU.ActiveCfg = Release|Any CPU
		{CBF1CA0F-166D-45D6-8F9F-C8EF1C391D25}.Release|Any CPU.Build.0 = Release|Any CPU
		{09DBC96A-0E21-44A9-A3A4-F0B48EE25847}.Debug|Any CPU.ActiveCfg = Debug|Any CPU
		{09DBC96A-0E21-44A9-A3A4-F0B48EE25847}.Debug|Any CPU.Build.0 = Debug|Any CPU
		{09DBC96A-0E21-44A9-A3A4-F0B48EE25847}.Release|Any CPU.ActiveCfg = Release|Any CPU
		{09DBC96A-0E21-44A9-A3A4-F0B48EE25847}.Release|Any CPU.Build.0 = Release|Any CPU
		{FAAF6454-7828-49D8-8FDB-A0E406E7B732}.Debug|Any CPU.ActiveCfg = Debug|Any CPU
		{FAAF6454-7828-49D8-8FDB-A0E406E7B732}.Debug|Any CPU.Build.0 = Debug|Any CPU
		{FAAF6454-7828-49D8-8FDB-A0E406E7B732}.Release|Any CPU.ActiveCfg = Release|Any CPU
		{FAAF6454-7828-49D8-8FDB-A0E406E7B732}.Release|Any CPU.Build.0 = Release|Any CPU
	EndGlobalSection
	GlobalSection(NestedProjects) = preSolution
		{AACA5C5F-4193-481D-BC9B-2155DEAAC664} = {09DEF0FA-BA95-4FCA-B631-AD20F78952D9}
		{78D37819-115D-43B4-9C30-341592340A84} = {80FA77F8-267E-4AD9-8A97-818D9E7097DE}
		{C679F36D-403F-4801-8E75-169DDDBF5223} = {80FA77F8-267E-4AD9-8A97-818D9E7097DE}
		{7F3038FF-5C44-4891-B707-42CA82299758} = {834B29D1-499E-447F-BFC1-E2CBB832F69D}
		{0DD9242E-228E-4B1C-86AE-C43D2AB2F693} = {834B29D1-499E-447F-BFC1-E2CBB832F69D}
		{C9473542-D6D6-4E52-BF89-9A251E9F683F} = {8A12BD5E-F10B-42AC-87AF-2393C25F8707}
		{5BB10CA2-1AC1-40A1-932B-85D7DB8EFA00} = {8A12BD5E-F10B-42AC-87AF-2393C25F8707}
		{55A5DF9D-3D23-47D2-BDEE-A75456BFC6E9} = {8A12BD5E-F10B-42AC-87AF-2393C25F8707}
		{B263495F-6741-4A30-A990-30C2BADC433B} = {8A12BD5E-F10B-42AC-87AF-2393C25F8707}
		{7CF74690-E424-4A82-9DE7-244B6DAC881C} = {834B29D1-499E-447F-BFC1-E2CBB832F69D}
		{9A080DED-BF11-4252-A6FC-03249608E0E0} = {09DEF0FA-BA95-4FCA-B631-AD20F78952D9}
		{86F03F8B-E9DA-470D-ADBA-EC3B4871ABCF} = {09DEF0FA-BA95-4FCA-B631-AD20F78952D9}
		{CE5745B4-BD92-464B-8442-DD121EB9CFFF} = {09DEF0FA-BA95-4FCA-B631-AD20F78952D9}
		{CBF1CA0F-166D-45D6-8F9F-C8EF1C391D25} = {09DEF0FA-BA95-4FCA-B631-AD20F78952D9}
		{09DBC96A-0E21-44A9-A3A4-F0B48EE25847} = {09DEF0FA-BA95-4FCA-B631-AD20F78952D9}
		{FAAF6454-7828-49D8-8FDB-A0E406E7B732} = {09DEF0FA-BA95-4FCA-B631-AD20F78952D9}
	EndGlobalSection
EndGlobal
